
Microsoft Visual Studio Solution File, Format Version 12.00
# Visual Studio Version 16
VisualStudioVersion = 16.0.29728.190
MinimumVisualStudioVersion = 10.0.40219.1
Project("{9A19103F-16F7-4668-BE54-9A1E7A4F7556}") = "Solid.Identity.Protocols.Saml2p", "Solid.Identity.Protocols.Saml2p\Solid.Identity.Protocols.Saml2p.csproj", "{930BA85C-0E05-40EB-96D2-9E483F933DFE}"
EndProject
Project("{2150E333-8FDC-42A3-9474-1A3956D46DE8}") = ".repo", ".repo", "{2E49A8E8-BB38-440E-923E-F64C5B5BE12E}"
	ProjectSection(SolutionItems) = preProject
		..\.gitattributes = ..\.gitattributes
		..\.gitignore = ..\.gitignore
		..\LICENSE = ..\LICENSE
		..\README.md = ..\README.md
	EndProjectSection
EndProject
Project("{2150E333-8FDC-42A3-9474-1A3956D46DE8}") = ".tests", ".tests", "{561378E3-C944-4A4B-B217-55A56811A1F0}"
EndProject
Project("{2150E333-8FDC-42A3-9474-1A3956D46DE8}") = ".samples", ".samples", "{D09EB7D6-4898-4769-A70C-BA17332B9392}"
EndProject
Project("{9A19103F-16F7-4668-BE54-9A1E7A4F7556}") = "Solid.Identity.Protocols.Sam2p.Tests", "Solid.Identity.Protocols.Sam2p.Tests\Solid.Identity.Protocols.Sam2p.Tests.csproj", "{45A2A69F-BEB2-437B-BFCD-55A1AAC16663}"
EndProject
Project("{9A19103F-16F7-4668-BE54-9A1E7A4F7556}") = "AspNetCore.IdpSample", "AspNetCore.IdpSample\AspNetCore.IdpSample.csproj", "{AA8F25F8-A175-4A4B-8173-2AEBAECE7F28}"
EndProject
Project("{9A19103F-16F7-4668-BE54-9A1E7A4F7556}") = "AspNetCore.SpSample", "AspNetCore.SpSample\AspNetCore.SpSample.csproj", "{34887DB9-94EF-4BBD-9B16-527D5B469E59}"
EndProject
Project("{FAE04EC0-301F-11D3-BF4B-00C04F79EFBC}") = "LegacyAspNetCore.IdpSample", "LegacyAspNetCore.IdpSample\LegacyAspNetCore.IdpSample.csproj", "{19C9158E-7E41-4992-B432-CD15BE547DEF}"
EndProject
Global
	GlobalSection(SolutionConfigurationPlatforms) = preSolution
		Debug|Any CPU = Debug|Any CPU
		Release|Any CPU = Release|Any CPU
	EndGlobalSection
	GlobalSection(ProjectConfigurationPlatforms) = postSolution
		{930BA85C-0E05-40EB-96D2-9E483F933DFE}.Debug|Any CPU.ActiveCfg = Debug|Any CPU
		{930BA85C-0E05-40EB-96D2-9E483F933DFE}.Debug|Any CPU.Build.0 = Debug|Any CPU
		{930BA85C-0E05-40EB-96D2-9E483F933DFE}.Release|Any CPU.ActiveCfg = Release|Any CPU
		{930BA85C-0E05-40EB-96D2-9E483F933DFE}.Release|Any CPU.Build.0 = Release|Any CPU
		{45A2A69F-BEB2-437B-BFCD-55A1AAC16663}.Debug|Any CPU.ActiveCfg = Debug|Any CPU
		{45A2A69F-BEB2-437B-BFCD-55A1AAC16663}.Debug|Any CPU.Build.0 = Debug|Any CPU
		{45A2A69F-BEB2-437B-BFCD-55A1AAC16663}.Release|Any CPU.ActiveCfg = Release|Any CPU
		{45A2A69F-BEB2-437B-BFCD-55A1AAC16663}.Release|Any CPU.Build.0 = Release|Any CPU
		{AA8F25F8-A175-4A4B-8173-2AEBAECE7F28}.Debug|Any CPU.ActiveCfg = Debug|Any CPU
		{AA8F25F8-A175-4A4B-8173-2AEBAECE7F28}.Debug|Any CPU.Build.0 = Debug|Any CPU
		{AA8F25F8-A175-4A4B-8173-2AEBAECE7F28}.Release|Any CPU.ActiveCfg = Release|Any CPU
		{AA8F25F8-A175-4A4B-8173-2AEBAECE7F28}.Release|Any CPU.Build.0 = Release|Any CPU
		{34887DB9-94EF-4BBD-9B16-527D5B469E59}.Debug|Any CPU.ActiveCfg = Debug|Any CPU
		{34887DB9-94EF-4BBD-9B16-527D5B469E59}.Debug|Any CPU.Build.0 = Debug|Any CPU
		{34887DB9-94EF-4BBD-9B16-527D5B469E59}.Release|Any CPU.ActiveCfg = Release|Any CPU
		{34887DB9-94EF-4BBD-9B16-527D5B469E59}.Release|Any CPU.Build.0 = Release|Any CPU
		{19C9158E-7E41-4992-B432-CD15BE547DEF}.Debug|Any CPU.ActiveCfg = Debug|Any CPU
		{19C9158E-7E41-4992-B432-CD15BE547DEF}.Debug|Any CPU.Build.0 = Debug|Any CPU
		{19C9158E-7E41-4992-B432-CD15BE547DEF}.Release|Any CPU.ActiveCfg = Release|Any CPU
		{19C9158E-7E41-4992-B432-CD15BE547DEF}.Release|Any CPU.Build.0 = Release|Any CPU
	EndGlobalSection
	GlobalSection(SolutionProperties) = preSolution
		HideSolutionNode = FALSE
	EndGlobalSection
	GlobalSection(NestedProjects) = preSolution
		{45A2A69F-BEB2-437B-BFCD-55A1AAC16663} = {561378E3-C944-4A4B-B217-55A56811A1F0}
		{AA8F25F8-A175-4A4B-8173-2AEBAECE7F28} = {D09EB7D6-4898-4769-A70C-BA17332B9392}
		{34887DB9-94EF-4BBD-9B16-527D5B469E59} = {D09EB7D6-4898-4769-A70C-BA17332B9392}
		{19C9158E-7E41-4992-B432-CD15BE547DEF} = {D09EB7D6-4898-4769-A70C-BA17332B9392}
	EndGlobalSection
	GlobalSection(ExtensibilityGlobals) = postSolution
		SolutionGuid = {33722D1E-2E86-41A4-9D48-B7D1D787D678}
	EndGlobalSection
EndGlobal
